Microsoft Visual Studio Solution File, Format Version 12.00
# Visual Studio Version 16
VisualStudioVersion = 16.0.28803.202
MinimumVisualStudioVersion = 10.0.40219.1
Project("{FAE04EC0-301F-11D3-BF4B-00C04F79EFBC}") = "MTGInstaller", "MTGInstaller\MTGInstaller.csproj", "{14668D9A-D210-4255-B921-FB2665223CE1}"
EndProject
Project("{FAE04EC0-301F-11D3-BF4B-00C04F79EFBC}") = "YamlDotNet", "libs\YamlDotNet\YamlDotNet\YamlDotNet.csproj", "{BF32DE1B-6276-4341-B212-F8862ADBBA7A}"
EndProject
Global
	GlobalSection(SolutionConfigurationPlatforms) = preSolution
		Debug|Any CPU = Debug|Any CPU
		Debug|x86 = Debug|x86
		Debug-AOT|Any CPU = Debug-AOT|Any CPU
		Debug-AOT|x86 = Debug-AOT|x86
		Debug-UnitySubset-v35|Any CPU = Debug-UnitySubset-v35|Any CPU
		Debug-UnitySubset-v35|x86 = Debug-UnitySubset-v35|x86
		Release|Any CPU = Release|Any CPU
		Release|x86 = Release|x86
		Release-Portable-Signed|Any CPU = Release-Portable-Signed|Any CPU
		Release-Portable-Signed|x86 = Release-Portable-Signed|x86
		Release-Portable-Unsigned|Any CPU = Release-Portable-Unsigned|Any CPU
		Release-Portable-Unsigned|x86 = Release-Portable-Unsigned|x86
		Release-Signed|Any CPU = Release-Signed|Any CPU
		Release-Signed|x86 = Release-Signed|x86
		Release-UnitySubset-v35|Any CPU = Release-UnitySubset-v35|Any CPU
		Release-UnitySubset-v35|x86 = Release-UnitySubset-v35|x86
		Release-Unsigned|Any CPU = Release-Unsigned|Any CPU
		Release-Unsigned|x86 = Release-Unsigned|x86
	EndGlobalSection
	GlobalSection(ProjectConfigurationPlatforms) = postSolution
		{14668D9A-D210-4255-B921-FB2665223CE1}.Debug|Any CPU.ActiveCfg = Debug|x86
		{14668D9A-D210-4255-B921-FB2665223CE1}.Debug|x86.ActiveCfg = Debug|x86
		{14668D9A-D210-4255-B921-FB2665223CE1}.Debug|x86.Build.0 = Debug|x86
		{14668D9A-D210-4255-B921-FB2665223CE1}.Debug-AOT|Any CPU.ActiveCfg = Debug|x86
		{14668D9A-D210-4255-B921-FB2665223CE1}.Debug-AOT|Any CPU.Build.0 = Debug|x86
		{14668D9A-D210-4255-B921-FB2665223CE1}.Debug-AOT|x86.ActiveCfg = Debug|x86
		{14668D9A-D210-4255-B921-FB2665223CE1}.Debug-AOT|x86.Build.0 = Debug|x86
		{14668D9A-D210-4255-B921-FB2665223CE1}.Debug-UnitySubset-v35|Any CPU.ActiveCfg = Debug|x86
		{14668D9A-D210-4255-B921-FB2665223CE1}.Debug-UnitySubset-v35|Any CPU.Build.0 = Debug|x86
		{14668D9A-D210-4255-B921-FB2665223CE1}.Debug-UnitySubset-v35|x86.ActiveCfg = Debug|x86
		{14668D9A-D210-4255-B921-FB2665223CE1}.Debug-UnitySubset-v35|x86.Build.0 = Debug|x86
		{14668D9A-D210-4255-B921-FB2665223CE1}.Release|Any CPU.ActiveCfg = Release|x86
		{14668D9A-D210-4255-B921-FB2665223CE1}.Release|x86.ActiveCfg = Release|x86
		{14668D9A-D210-4255-B921-FB2665223CE1}.Release|x86.Build.0 = Release|x86
		{14668D9A-D210-4255-B921-FB2665223CE1}.Release-Portable-Signed|Any CPU.ActiveCfg = Debug|x86
		{14668D9A-D210-4255-B921-FB2665223CE1}.Release-Portable-Signed|Any CPU.Build.0 = Debug|x86
		{14668D9A-D210-4255-B921-FB2665223CE1}.Release-Portable-Signed|x86.ActiveCfg = Release|x86
		{14668D9A-D210-4255-B921-FB2665223CE1}.Release-Portable-Signed|x86.Build.0 = Release|x86
		{14668D9A-D210-4255-B921-FB2665223CE1}.Release-Portable-Unsigned|Any CPU.ActiveCfg = Debug|x86
		{14668D9A-D210-4255-B921-FB2665223CE1}.Release-Portable-Unsigned|Any CPU.Build.0 = Debug|x86
		{14668D9A-D210-4255-B921-FB2665223CE1}.Release-Portable-Unsigned|x86.ActiveCfg = Release|x86
		{14668D9A-D210-4255-B921-FB2665223CE1}.Release-Portable-Unsigned|x86.Build.0 = Release|x86
		{14668D9A-D210-4255-B921-FB2665223CE1}.Release-Signed|Any CPU.ActiveCfg = Debug|x86
		{14668D9A-D210-4255-B921-FB2665223CE1}.Release-Signed|Any CPU.Build.0 = Debug|x86
		{14668D9A-D210-4255-B921-FB2665223CE1}.Release-Signed|x86.ActiveCfg = Release|x86
		{14668D9A-D210-4255-B921-FB2665223CE1}.Release-Signed|x86.Build.0 = Release|x86
		{14668D9A-D210-4255-B921-FB2665223CE1}.Release-UnitySubset-v35|Any CPU.ActiveCfg = Debug|x86
		{14668D9A-D210-4255-B921-FB2665223CE1}.Release-UnitySubset-v35|Any CPU.Build.0 = Debug|x86
		{14668D9A-D210-4255-B921-FB2665223CE1}.Release-UnitySubset-v35|x86.ActiveCfg = Release|x86
		{14668D9A-D210-4255-B921-FB2665223CE1}.Release-UnitySubset-v35|x86.Build.0 = Release|x86
		{14668D9A-D210-4255-B921-FB2665223CE1}.Release-Unsigned|Any CPU.ActiveCfg = Debug|x86
		{14668D9A-D210-4255-B921-FB2665223CE1}.Release-Unsigned|Any CPU.Build.0 = Debug|x86
		{14668D9A-D210-4255-B921-FB2665223CE1}.Release-Unsigned|x86.ActiveCfg = Release|x86
		{14668D9A-D210-4255-B921-FB2665223CE1}.Release-Unsigned|x86.Build.0 = Release|x86
		{14668D9A-D210-4255-B921-FB2665223CE1}.Debug|Any CPU.Build.0 = Debug|x86
		{14668D9A-D210-4255-B921-FB2665223CE1}.Release|Any CPU.Build.0 = Release|x86
		{BF32DE1B-6276-4341-B212-F8862ADBBA7A}.Debug|Any CPU.ActiveCfg = Debug|Any CPU
		{BF32DE1B-6276-4341-B212-F8862ADBBA7A}.Debug|Any CPU.Build.0 = Debug|Any CPU
		{BF32DE1B-6276-4341-B212-F8862ADBBA7A}.Debug|x86.ActiveCfg = Debug|Any CPU
		{BF32DE1B-6276-4341-B212-F8862ADBBA7A}.Debug|x86.Build.0 = Debug|Any CPU
		{BF32DE1B-6276-4341-B212-F8862ADBBA7A}.Debug-AOT|Any CPU.ActiveCfg = Debug-AOT|Any CPU
		{BF32DE1B-6276-4341-B212-F8862ADBBA7A}.Debug-AOT|Any CPU.Build.0 = Debug-AOT|Any CPU
		{BF32DE1B-6276-4341-B212-F8862ADBBA7A}.Debug-AOT|x86.ActiveCfg = Debug-AOT|Any CPU
		{BF32DE1B-6276-4341-B212-F8862ADBBA7A}.Debug-AOT|x86.Build.0 = Debug-AOT|Any CPU
		{BF32DE1B-6276-4341-B212-F8862ADBBA7A}.Debug-UnitySubset-v35|Any CPU.ActiveCfg = Debug-UnitySubset-v35|Any CPU
		{BF32DE1B-6276-4341-B212-F8862ADBBA7A}.Debug-UnitySubset-v35|Any CPU.Build.0 = Debug-UnitySubset-v35|Any CPU
		{BF32DE1B-6276-4341-B212-F8862ADBBA7A}.Debug-UnitySubset-v35|x86.ActiveCfg = Debug-UnitySubset-v35|Any CPU
		{BF32DE1B-6276-4341-B212-F8862ADBBA7A}.Debug-UnitySubset-v35|x86.Build.0 = Debug-UnitySubset-v35|Any CPU
		{BF32DE1B-6276-4341-B212-F8862ADBBA7A}.Release|Any CPU.ActiveCfg = Release-Unsigned|Any CPU
		{BF32DE1B-6276-4341-B212-F8862ADBBA7A}.Release|Any CPU.Build.0 = Release-Unsigned|Any CPU
		{BF32DE1B-6276-4341-B212-F8862ADBBA7A}.Release|x86.ActiveCfg = Release-Signed|Any CPU
		{BF32DE1B-6276-4341-B212-F8862ADBBA7A}.Release|x86.Build.0 = Release-Signed|Any CPU
		{BF32DE1B-6276-4341-B212-F8862ADBBA7A}.Release-Portable-Signed|Any CPU.ActiveCfg = Release-Portable-Signed|Any CPU
		{BF32DE1B-6276-4341-B212-F8862ADBBA7A}.Release-Portable-Signed|Any CPU.Build.0 = Release-Portable-Signed|Any CPU
		{BF32DE1B-6276-4341-B212-F8862ADBBA7A}.Release-Portable-Signed|x86.ActiveCfg = Release-Portable-Signed|Any CPU
		{BF32DE1B-6276-4341-B212-F8862ADBBA7A}.Release-Portable-Signed|x86.Build.0 = Release-Portable-Signed|Any CPU
		{BF32DE1B-6276-4341-B212-F8862ADBBA7A}.Release-Portable-Unsigned|Any CPU.ActiveCfg = Release-Portable-Unsigned|Any CPU
		{BF32DE1B-6276-4341-B212-F8862ADBBA7A}.Release-Portable-Unsigned|Any CPU.Build.0 = Release-Portable-Unsigned|Any CPU
		{BF32DE1B-6276-4341-B212-F8862ADBBA7A}.Release-Portable-Unsigned|x86.ActiveCfg = Release-Portable-Unsigned|Any CPU
		{BF32DE1B-6276-4341-B212-F8862ADBBA7A}.Release-Portable-Unsigned|x86.Build.0 = Release-Portable-Unsigned|Any CPU
		{BF32DE1B-6276-4341-B212-F8862ADBBA7A}.Release-Signed|Any CPU.ActiveCfg = Release-Signed|Any CPU
		{BF32DE1B-6276-4341-B212-F8862ADBBA7A}.Release-Signed|Any CPU.Build.0 = Release-Signed|Any CPU
		{BF32DE1B-6276-4341-B212-F8862ADBBA7A}.Release-Signed|x86.ActiveCfg = Release-Signed|Any CPU
		{BF32DE1B-6276-4341-B212-F8862ADBBA7A}.Release-Signed|x86.Build.0 = Release-Signed|Any CPU
		{BF32DE1B-6276-4341-B212-F8862ADBBA7A}.Release-UnitySubset-v35|Any CPU.ActiveCfg = Release-UnitySubset-v35|Any CPU
		{BF32DE1B-6276-4341-B212-F8862ADBBA7A}.Release-UnitySubset-v35|Any CPU.Build.0 = Release-UnitySubset-v35|Any CPU
		{BF32DE1B-6276-4341-B212-F8862ADBBA7A}.Release-UnitySubset-v35|x86.ActiveCfg = Release-UnitySubset-v35|Any CPU
		{BF32DE1B-6276-4341-B212-F8862ADBBA7A}.Release-UnitySubset-v35|x86.Build.0 = Release-UnitySubset-v35|Any CPU
		{BF32DE1B-6276-4341-B212-F8862ADBBA7A}.Release-Unsigned|Any CPU.ActiveCfg = Release-Unsigned|Any CPU
		{BF32DE1B-6276-4341-B212-F8862ADBBA7A}.Release-Unsigned|Any CPU.Build.0 = Release-Unsigned|Any CPU
		{BF32DE1B-6276-4341-B212-F8862ADBBA7A}.Release-Unsigned|x86.ActiveCfg = Release-Unsigned|Any CPU
		{BF32DE1B-6276-4341-B212-F8862ADBBA7A}.Release-Unsigned|x86.Build.0 = Release-Unsigned|Any CPU
	EndGlobalSection
	GlobalSection(SolutionProperties) = preSolution
		HideSolutionNode = FALSE
	EndGlobalSection
	GlobalSection(ExtensibilityGlobals) = postSolution
		SolutionGuid = {D7E2A425-AB45-4DE9-BB8F-37C4B471B113}
	EndGlobalSection
	GlobalSection(MonoDevelopProperties) = preSolution
		Policies = $0
		$0.TextStylePolicy = $1
		$1.scope = text/x-csharp
		$0.CSharpFormattingPolicy = $2
		$2.NewLinesForBracesInTypes = False
		$2.NewLinesForBracesInMethods = False
		$2.scope = text/x-csharp
		$2.IndentSwitchSection = False
		$2.NewLinesForBracesInProperties = False
		$2.NewLinesForBracesInAccessors = False
		$2.NewLinesForBracesInAnonymousMethods = False
		$2.NewLinesForBracesInControlBlocks = False
		$2.NewLinesForBracesInAnonymousTypes = False
		$2.NewLinesForBracesInObjectCollectionArrayInitializers = False
		$2.NewLinesForBracesInLambdaExpressionBody = False
		$2.NewLineForElse = False
		$2.NewLineForCatch = False
		$2.NewLineForFinally = False
		$2.NewLineForMembersInObjectInit = False
		$2.NewLineForMembersInAnonymousTypes = False
		$2.NewLineForClausesInQuery = False
	EndGlobalSection
EndGlobal
